// !$*UTF8*$!
{
	archiveVersion = 1;
	classes = {
	};
	objectVersion = 46;
	objects = {

/* Begin PBXBuildFile section */
		D14FA96B19C80E480028C97E /* Foundation.framework in Frameworks */ = {isa = PBXBuildFile; fileRef = D14FA96A19C80E480028C97E /* Foundation.framework */; };
		D14FA96D19C80E480028C97E /* CoreGraphics.framework in Frameworks */ = {isa = PBXBuildFile; fileRef = D14FA96C19C80E480028C97E /* CoreGraphics.framework */; };
		D14FA96F19C80E480028C97E /* UIKit.framework in Frameworks */ = {isa = PBXBuildFile; fileRef = D14FA96E19C80E480028C97E /* UIKit.framework */; };
		D14FA97519C80E480028C97E /* InfoPlist.strings in Resources */ = {isa = PBXBuildFile; fileRef = D14FA97319C80E480028C97E /* InfoPlist.strings */; };
		D14FA97719C80E480028C97E /* main.m in Sources */ = {isa = PBXBuildFile; fileRef = D14FA97619C80E480028C97E /* main.m */; };
		D14FA97B19C80E480028C97E /* AppDelegate.m in Sources */ = {isa = PBXBuildFile; fileRef = D14FA97A19C80E480028C97E /* AppDelegate.m */; };
		D14FA97E19C80E480028C97E /* Main.storyboard in Resources */ = {isa = PBXBuildFile; fileRef = D14FA97C19C80E480028C97E /* Main.storyboard */; };
		D14FA98119C80E480028C97E /* ViewController.m in Sources */ = {isa = PBXBuildFile; fileRef = D14FA98019C80E480028C97E /* ViewController.m */; };
		D14FA98319C80E480028C97E /* Images.xcassets in Resources */ = {isa = PBXBuildFile; fileRef = D14FA98219C80E480028C97E /* Images.xcassets */; };
		D14FA98A19C80E480028C97E /* XCTest.framework in Frameworks */ = {isa = PBXBuildFile; fileRef = D14FA98919C80E480028C97E /* XCTest.framework */; };
		D14FA98B19C80E480028C97E /* Foundation.framework in Frameworks */ = {isa = PBXBuildFile; fileRef = D14FA96A19C80E480028C97E /* Foundation.framework */; };
		D14FA98C19C80E480028C97E /* UIKit.framework in Frameworks */ = {isa = PBXBuildFile; fileRef = D14FA96E19C80E480028C97E /* UIKit.framework */; };
		D14FA99419C80E480028C97E /* InfoPlist.strings in Resources */ = {isa = PBXBuildFile; fileRef = D14FA99219C80E480028C97E /* InfoPlist.strings */; };
		D14FA99619C80E480028C97E /* SJXMLParserToModelTests.m in Sources */ = {isa = PBXBuildFile; fileRef = D14FA99519C80E480028C97E /* SJXMLParserToModelTests.m */; };
		D14FA9A419C80EE40028C97E /* SJXMLParserToModel.m in Sources */ = {isa = PBXBuildFile; fileRef = D14FA9A319C80EE40028C97E /* SJXMLParserToModel.m */; };
		D14FA9A619C80FCA0028C97E /* test.xml in Resources */ = {isa = PBXBuildFile; fileRef = D14FA9A519C80FCA0028C97E /* test.xml */; };
		D14FA9A919C810330028C97E /* AddressesModel.m in Sources */ = {isa = PBXBuildFile; fileRef = D14FA9A819C810330028C97E /* AddressesModel.m */; };
/* End PBXBuildFile section */

/* Begin PBXContainerItemProxy section */
		D14FA98D19C80E480028C97E /* PBXContainerItemProxy */ = {
			isa = PBXContainerItemProxy;
			containerPortal = D14FA95F19C80E480028C97E /* Project object */;
			proxyType = 1;
			remoteGlobalIDString = D14FA96619C80E480028C97E;
			remoteInfo = SJXMLParserToModel;
		};
/* End PBXContainerItemProxy section */

/* Begin PBXFileReference section */
		D14FA96719C80E480028C97E /* SJXMLParserToModel.app */ = {isa = PBXFileReference; explicitFileType = wrapper.application; includeInIndex = 0; path = SJXMLParserToModel.app; sourceTree = BUILT_PRODUCTS_DIR; };
		D14FA96A19C80E480028C97E /* Foundation.framework */ = {isa = PBXFileReference; lastKnownFileType = wrapper.framework; name = Foundation.framework; path = System/Library/Frameworks/Foundation.framework; sourceTree = SDKROOT; };
		D14FA96C19C80E480028C97E /* CoreGraphics.framework */ = {isa = PBXFileReference; lastKnownFileType = wrapper.framework; name = CoreGraphics.framework; path = System/Library/Frameworks/CoreGraphics.framework; sourceTree = SDKROOT; };
		D14FA96E19C80E480028C97E /* UIKit.framework */ = {isa = PBXFileReference; lastKnownFileType = wrapper.framework; name = UIKit.framework; path = System/Library/Frameworks/UIKit.framework; sourceTree = SDKROOT; };
		D14FA97219C80E480028C97E /* SJXMLParserToModel-Info.plist */ = {isa = PBXFileReference; lastKnownFileType = text.plist.xml; path = "SJXMLParserToModel-Info.plist"; sourceTree = "<group>"; };
		D14FA97419C80E480028C97E /* en */ = {isa = PBXFileReference; lastKnownFileType = text.plist.strings; name = en; path = en.lproj/InfoPlist.strings; sourceTree = "<group>"; };
		D14FA97619C80E480028C97E /* main.m */ = {isa = PBXFileReference; lastKnownFileType = sourcecode.c.objc; path = main.m; sourceTree = "<group>"; };
		D14FA97819C80E480028C97E /* SJXMLParserToModel-Prefix.pch */ = {isa = PBXFileReference; lastKnownFileType = sourcecode.c.h; path = "SJXMLParserToModel-Prefix.pch"; sourceTree = "<group>"; };
		D14FA97919C80E480028C97E /* AppDelegate.h */ = {isa = PBXFileReference; lastKnownFileType = sourcecode.c.h; path = AppDelegate.h; sourceTree = "<group>"; };
		D14FA97A19C80E480028C97E /* AppDelegate.m */ = {isa = PBXFileReference; lastKnownFileType = sourcecode.c.objc; path = AppDelegate.m; sourceTree = "<group>"; };
		D14FA97D19C80E480028C97E /* Base */ = {isa = PBXFileReference; lastKnownFileType = file.storyboard; name = Base; path = Base.lproj/Main.storyboard; sourceTree = "<group>"; };
		D14FA97F19C80E480028C97E /* ViewController.h */ = {isa = PBXFileReference; lastKnownFileType = sourcecode.c.h; path = ViewController.h; sourceTree = "<group>"; };
		D14FA98019C80E480028C97E /* ViewController.m */ = {isa = PBXFileReference; lastKnownFileType = sourcecode.c.objc; path = ViewController.m; sourceTree = "<group>"; };
		D14FA98219C80E480028C97E /* Images.xcassets */ = {isa = PBXFileReference; lastKnownFileType = folder.assetcatalog; path = Images.xcassets; sourceTree = "<group>"; };
		D14FA98819C80E480028C97E /* SJXMLParserToModelTests.xctest */ = {isa = PBXFileReference; explicitFileType = wrapper.cfbundle; includeInIndex = 0; path = SJXMLParserToModelTests.xctest; sourceTree = BUILT_PRODUCTS_DIR; };
		D14FA98919C80E480028C97E /* XCTest.framework */ = {isa = PBXFileReference; lastKnownFileType = wrapper.framework; name = XCTest.framework; path = Library/Frameworks/XCTest.framework; sourceTree = DEVELOPER_DIR; };
		D14FA99119C80E480028C97E /* SJXMLParserToModelTests-Info.plist */ = {isa = PBXFileReference; lastKnownFileType = text.plist.xml; path = "SJXMLParserToModelTests-Info.plist"; sourceTree = "<group>"; };
		D14FA99319C80E480028C97E /* en */ = {isa = PBXFileReference; lastKnownFileType = text.plist.strings; name = en; path = en.lproj/InfoPlist.strings; sourceTree = "<group>"; };
		D14FA99519C80E480028C97E /* SJXMLParserToModelTests.m */ = {isa = PBXFileReference; lastKnownFileType = sourcecode.c.objc; path = SJXMLParserToModelTests.m; sourceTree = "<group>"; };
		D14FA9A219C80EE40028C97E /* SJXMLParserToModel.h */ = {isa = PBXFileReference; fileEncoding = 4; lastKnownFileType = sourcecode.c.h; path = SJXMLParserToModel.h; sourceTree = "<group>"; };
		D14FA9A319C80EE40028C97E /* SJXMLParserToModel.m */ = {isa = PBXFileReference; fileEncoding = 4; lastKnownFileType = sourcecode.c.objc; path = SJXMLParserToModel.m; sourceTree = "<group>"; };
		D14FA9A519C80FCA0028C97E /* test.xml */ = {isa = PBXFileReference; fileEncoding = 4; lastKnownFileType = text.xml; path = test.xml; sourceTree = "<group>"; };
		D14FA9A719C810330028C97E /* AddressesModel.h */ = {isa = PBXFileReference; fileEncoding = 4; lastKnownFileType = sourcecode.c.h; path = AddressesModel.h; sourceTree = "<group>"; };
		D14FA9A819C810330028C97E /* AddressesModel.m */ = {isa = PBXFileReference; fileEncoding = 4; lastKnownFileType = sourcecode.c.objc; path = AddressesModel.m; sourceTree = "<group>"; };
/* End PBXFileReference section */

/* Begin PBXFrameworksBuildPhase section */
		D14FA96419C80E480028C97E /* Frameworks */ = {
			isa = PBXFrameworksBuildPhase;
			buildActionMask = 2147483647;
			files = (
				D14FA96D19C80E480028C97E /* CoreGraphics.framework in Frameworks */,
				D14FA96F19C80E480028C97E /* UIKit.framework in Frameworks */,
				D14FA96B19C80E480028C97E /* Foundation.framework in Frameworks */,
			);
			runOnlyForDeploymentPostprocessing = 0;
		};
		D14FA98519C80E480028C97E /* Frameworks */ = {
			isa = PBXFrameworksBuildPhase;
			buildActionMask = 2147483647;
			files = (
				D14FA98A19C80E480028C97E /* XCTest.framework in Frameworks */,
				D14FA98C19C80E480028C97E /* UIKit.framework in Frameworks */,
				D14FA98B19C80E480028C97E /* Foundation.framework in Frameworks */,
			);
			runOnlyForDeploymentPostprocessing = 0;
		};
/* End PBXFrameworksBuildPhase section */

/* Begin PBXGroup section */
		D14FA95E19C80E480028C97E = {
			isa = PBXGroup;
			children = (
				D14FA99F19C80E860028C97E /* SJXMLParserToModel */,
				D14FA9A119C80EB80028C97E /* Model */,
				D14FA97019C80E480028C97E /* Controllers */,
				D14FA98F19C80E480028C97E /* SJXMLParserToModelTests */,
				D14FA96919C80E480028C97E /* Frameworks */,
				D14FA96819C80E480028C97E /* Products */,
			);
			sourceTree = "<group>";
		};
		D14FA96819C80E480028C97E /* Products */ = {
			isa = PBXGroup;
			children = (
				D14FA96719C80E480028C97E /* SJXMLParserToModel.app */,
				D14FA98819C80E480028C97E /* SJXMLParserToModelTests.xctest */,
			);
			name = Products;
			sourceTree = "<group>";
		};
		D14FA96919C80E480028C97E /* Frameworks */ = {
			isa = PBXGroup;
			children = (
				D14FA96A19C80E480028C97E /* Foundation.framework */,
				D14FA96C19C80E480028C97E /* CoreGraphics.framework */,
				D14FA96E19C80E480028C97E /* UIKit.framework */,
				D14FA98919C80E480028C97E /* XCTest.framework */,
			);
			name = Frameworks;
			sourceTree = "<group>";
		};
		D14FA97019C80E480028C97E /* Controllers */ = {
			isa = PBXGroup;
			children = (
				D14FA97919C80E480028C97E /* AppDelegate.h */,
				D14FA97A19C80E480028C97E /* AppDelegate.m */,
				D14FA97C19C80E480028C97E /* Main.storyboard */,
				D14FA97F19C80E480028C97E /* ViewController.h */,
				D14FA98019C80E480028C97E /* ViewController.m */,
				D14FA98219C80E480028C97E /* Images.xcassets */,
				D14FA97119C80E480028C97E /* Supporting Files */,
			);
			name = Controllers;
			path = SJXMLParserToModel;
			sourceTree = "<group>";
		};
		D14FA97119C80E480028C97E /* Supporting Files */ = {
			isa = PBXGroup;
			children = (
				D14FA97219C80E480028C97E /* SJXMLParserToModel-Info.plist */,
				D14FA97319C80E480028C97E /* InfoPlist.strings */,
				D14FA97619C80E480028C97E /* main.m */,
				D14FA97819C80E480028C97E /* SJXMLParserToModel-Prefix.pch */,
			);
			name = "Supporting Files";
			sourceTree = "<group>";
		};
		D14FA98F19C80E480028C97E /* SJXMLParserToModelTests */ = {
			isa = PBXGroup;
			children = (
				D14FA99519C80E480028C97E /* SJXMLParserToModelTests.m */,
				D14FA99019C80E480028C97E /* Supporting Files */,
			);
			path = SJXMLParserToModelTests;
			sourceTree = "<group>";
		};
		D14FA99019C80E480028C97E /* Supporting Files */ = {
			isa = PBXGroup;
			children = (
				D14FA99119C80E480028C97E /* SJXMLParserToModelTests-Info.plist */,
				D14FA99219C80E480028C97E /* InfoPlist.strings */,
			);
			name = "Supporting Files";
			sourceTree = "<group>";
		};
		D14FA99F19C80E860028C97E /* SJXMLParserToModel */ = {
			isa = PBXGroup;
			children = (
				D14FA9A219C80EE40028C97E /* SJXMLParserToModel.h */,
				D14FA9A319C80EE40028C97E /* SJXMLParserToModel.m */,
			);
			name = SJXMLParserToModel;
			sourceTree = "<group>";
		};
		D14FA9A119C80EB80028C97E /* Model */ = {
			isa = PBXGroup;
			children = (
				D14FA9A519C80FCA0028C97E /* test.xml */,
				D14FA9A719C810330028C97E /* AddressesModel.h */,
				D14FA9A819C810330028C97E /* AddressesModel.m */,
			);
			name = Model;
			sourceTree = "<group>";
		};
/* End PBXGroup section */

/* Begin PBXNativeTarget section */
		D14FA96619C80E480028C97E /* SJXMLParserToModel */ = {
			isa = PBXNativeTarget;
			buildConfigurationList = D14FA99919C80E480028C97E /* Build configuration list for PBXNativeTarget "SJXMLParserToModel" */;
			buildPhases = (
				D14FA96319C80E480028C97E /* Sources */,
				D14FA96419C80E480028C97E /* Frameworks */,
				D14FA96519C80E480028C97E /* Resources */,
			);
			buildRules = (
			);
			dependencies = (
			);
			name = SJXMLParserToModel;
			productName = SJXMLParserToModel;
			productReference = D14FA96719C80E480028C97E /* SJXMLParserToModel.app */;
			productType = "com.apple.product-type.application";
		};
		D14FA98719C80E480028C97E /* SJXMLParserToModelTests */ = {
			isa = PBXNativeTarget;
			buildConfigurationList = D14FA99C19C80E480028C97E /* Build configuration list for PBXNativeTarget "SJXMLParserToModelTests" */;
			buildPhases = (
				D14FA98419C80E480028C97E /* Sources */,
				D14FA98519C80E480028C97E /* Frameworks */,
				D14FA98619C80E480028C97E /* Resources */,
			);
			buildRules = (
			);
			dependencies = (
				D14FA98E19C80E480028C97E /* PBXTargetDependency */,
			);
			name = SJXMLParserToModelTests;
			productName = SJXMLParserToModelTests;
			productReference = D14FA98819C80E480028C97E /* SJXMLParserToModelTests.xctest */;
			productType = "com.apple.product-type.bundle.unit-test";
		};
/* End PBXNativeTarget section */

/* Begin PBXProject section */
		D14FA95F19C80E480028C97E /* Project object */ = {
			isa = PBXProject;
			attributes = {
				LastUpgradeCheck = 0510;
				TargetAttributes = {
					D14FA98719C80E480028C97E = {
						TestTargetID = D14FA96619C80E480028C97E;
					};
				};
			};
			buildConfigurationList = D14FA96219C80E480028C97E /* Build configuration list for PBXProject "SJXMLParserToModel" */;
			compatibilityVersion = "Xcode 3.2";
			developmentRegion = English;
			hasScannedForEncodings = 0;
			knownRegions = (
				en,
				Base,
			);
			mainGroup = D14FA95E19C80E480028C97E;
			productRefGroup = D14FA96819C80E480028C97E /* Products */;
			projectDirPath = "";
			projectRoot = "";
			targets = (
				D14FA96619C80E480028C97E /* SJXMLParserToModel */,
				D14FA98719C80E480028C97E /* SJXMLParserToModelTests */,
			);
		};
/* End PBXProject section */

/* Begin PBXResourcesBuildPhase section */
		D14FA96519C80E480028C97E /* Resources */ = {
			isa = PBXResourcesBuildPhase;
			buildActionMask = 2147483647;
			files = (
				D14FA98319C80E480028C97E /* Images.xcassets in Resources */,
				D14FA97519C80E480028C97E /* InfoPlist.strings in Resources */,
				D14FA97E19C80E480028C97E /* Main.storyboard in Resources */,
				D14FA9A619C80FCA0028C97E /* test.xml in Resources */,
			);
			runOnlyForDeploymentPostprocessing = 0;
		};
		D14FA98619C80E480028C97E /* Resources */ = {
			isa = PBXResourcesBuildPhase;
			buildActionMask = 2147483647;
			files = (
				D14FA99419C80E480028C97E /* InfoPlist.strings in Resources */,
			);
			runOnlyForDeploymentPostprocessing = 0;
		};
/* End PBXResourcesBuildPhase section */

/* Begin PBXSourcesBuildPhase section */
		D14FA96319C80E480028C97E /* Sources */ = {
			isa = PBXSourcesBuildPhase;
			buildActionMask = 2147483647;
			files = (
				D14FA98119C80E480028C97E /* ViewController.m in Sources */,
				D14FA9A919C810330028C97E /* AddressesModel.m in Sources */,
				D14FA97B19C80E480028C97E /* AppDelegate.m in Sources */,
				D14FA9A419C80EE40028C97E /* SJXMLParserToModel.m in Sources */,
				D14FA97719C80E480028C97E /* main.m in Sources */,
			);
			runOnlyForDeploymentPostprocessing = 0;
		};
		D14FA98419C80E480028C97E /* Sources */ = {
			isa = PBXSourcesBuildPhase;
			buildActionMask = 2147483647;
			files = (
				D14FA99619C80E480028C97E /* SJXMLParserToModelTests.m in Sources */,
			);
			runOnlyForDeploymentPostprocessing = 0;
		};
/* End PBXSourcesBuildPhase section */

/* Begin PBXTargetDependency section */
		D14FA98E19C80E480028C97E /* PBXTargetDependency */ = {
			isa = PBXTargetDependency;
			target = D14FA96619C80E480028C97E /* SJXMLParserToModel */;
			targetProxy = D14FA98D19C80E480028C97E /* PBXContainerItemProxy */;
		};
/* End PBXTargetDependency section */

/* Begin PBXVariantGroup section */
		D14FA97319C80E480028C97E /* InfoPlist.strings */ = {
			isa = PBXVariantGroup;
			children = (
				D14FA97419C80E480028C97E /* en */,
			);
			name = InfoPlist.strings;
			sourceTree = "<group>";
		};
		D14FA97C19C80E480028C97E /* Main.storyboard */ = {
			isa = PBXVariantGroup;
			children = (
				D14FA97D19C80E480028C97E /* Base */,
			);
			name = Main.storyboard;
			sourceTree = "<group>";
		};
		D14FA99219C80E480028C97E /* InfoPlist.strings */ = {
			isa = PBXVariantGroup;
			children = (
				D14FA99319C80E480028C97E /* en */,
			);
			name = InfoPlist.strings;
			sourceTree = "<group>";
		};
/* End PBXVariantGroup section */

/* Begin XCBuildConfiguration section */
		D14FA99719C80E480028C97E /* Debug */ = {
			isa = XCBuildConfiguration;
			buildSettings = {
				ALWAYS_SEARCH_USER_PATHS = NO;
				CLANG_CXX_LANGUAGE_STANDARD = "gnu++0x";
				CLANG_CXX_LIBRARY = "libc++";
				CLANG_ENABLE_MODULES = YES;
				CLANG_ENABLE_OBJC_ARC = YES;
				CLANG_WARN_BOOL_CONVERSION = YES;
				CLANG_WARN_CONSTANT_CONVERSION = YES;
				CLANG_WARN_DIRECT_OBJC_ISA_USAGE = YES_ERROR;
				CLANG_WARN_EMPTY_BODY = YES;
				CLANG_WARN_ENUM_CONVERSION = YES;
				CLANG_WARN_INT_CONVERSION = YES;
				CLANG_WARN_OBJC_ROOT_CLASS = YES_ERROR;
				CLANG_WARN__DUPLICATE_METHOD_MATCH = YES;
				"CODE_SIGN_IDENTITY[sdk=iphoneos*]" = "iPhone Developer";
				COPY_PHASE_STRIP = NO;
				GCC_C_LANGUAGE_STANDARD = gnu99;
				GCC_DYNAMIC_NO_PIC = NO;
				GCC_OPTIMIZATION_LEVEL = 0;
				GCC_PREPROCESSOR_DEFINITIONS = (
					"DEBUG=1",
					"$(inherited)",
				);
				GCC_SYMBOLS_PRIVATE_EXTERN = NO;
				GCC_WARN_64_TO_32_BIT_CONVERSION = YES;
				GCC_WARN_ABOUT_RETURN_TYPE = YES_ERROR;
				GCC_WARN_UNDECLARED_SELECTOR = YES;
				GCC_WARN_UNINITIALIZED_AUTOS = YES_AGGRESSIVE;
				GCC_WARN_UNUSED_FUNCTION = YES;
				GCC_WARN_UNUSED_VARIABLE = YES;
				IPHONEOS_DEPLOYMENT_TARGET = 5.0;
				ONLY_ACTIVE_ARCH = YES;
				SDKROOT = iphoneos;
			};
			name = Debug;
		};
		D14FA99819C80E480028C97E /* Release */ = {
			isa = XCBuildConfiguration;
			buildSettings = {
				ALWAYS_SEARCH_USER_PATHS = NO;
				CLANG_CXX_LANGUAGE_STANDARD = "gnu++0x";
				CLANG_CXX_LIBRARY = "libc++";
				CLANG_ENABLE_MODULES = YES;
				CLANG_ENABLE_OBJC_ARC = YES;
				CLANG_WARN_BOOL_CONVERSION = YES;
				CLANG_WARN_CONSTANT_CONVERSION = YES;
				CLANG_WARN_DIRECT_OBJC_ISA_USAGE = YES_ERROR;
				CLANG_WARN_EMPTY_BODY = YES;
				CLANG_WARN_ENUM_CONVERSION = YES;
				CLANG_WARN_INT_CONVERSION = YES;
				CLANG_WARN_OBJC_ROOT_CLASS = YES_ERROR;
				CLANG_WARN__DUPLICATE_METHOD_MATCH = YES;
				"CODE_SIGN_IDENTITY[sdk=iphoneos*]" = "iPhone Developer";
				COPY_PHASE_STRIP = YES;
				ENABLE_NS_ASSERTIONS = NO;
				GCC_C_LANGUAGE_STANDARD = gnu99;
				GCC_WARN_64_TO_32_BIT_CONVERSION = YES;
				GCC_WARN_ABOUT_RETURN_TYPE = YES_ERROR;
				GCC_WARN_UNDECLARED_SELECTOR = YES;
				GCC_WARN_UNINITIALIZED_AUTOS = YES_AGGRESSIVE;
				GCC_WARN_UNUSED_FUNCTION = YES;
				GCC_WARN_UNUSED_VARIABLE = YES;
				IPHONEOS_DEPLOYMENT_TARGET = 5.0;
				SDKROOT = iphoneos;
				VALIDATE_PRODUCT = YES;
			};
			name = Release;
		};
		D14FA99A19C80E480028C97E /* Debug */ = {
			isa = XCBuildConfiguration;
			buildSettings = {
				ASSETCATALOG_COMPILER_APPICON_NAME = AppIcon;
				ASSETCATALOG_COMPILER_LAUNCHIMAGE_NAME = LaunchImage;
				GCC_PRECOMPILE_PREFIX_HEADER = YES;
				GCC_PREFIX_HEADER = "SJXMLParserToModel/SJXMLParserToModel-Prefix.pch";
				INFOPLIST_FILE = "SJXMLParserToModel/SJXMLParserToModel-Info.plist";
				IPHONEOS_DEPLOYMENT_TARGET = 6.0;
				PRODUCT_NAME = "$(TARGET_NAME)";
				TARGETED_DEVICE_FAMILY = 1;
				WRAPPER_EXTENSION = app;
			};
			name = Debug;
		};
		D14FA99B19C80E480028C97E /* Release */ = {
			isa = XCBuildConfiguration;
			buildSettings = {
				ASSETCATALOG_COMPILER_APPICON_NAME = AppIcon;
				ASSETCATALOG_COMPILER_LAUNCHIMAGE_NAME = LaunchImage;
				GCC_PRECOMPILE_PREFIX_HEADER = YES;
				GCC_PREFIX_HEADER = "SJXMLParserToModel/SJXMLParserToModel-Prefix.pch";
				INFOPLIST_FILE = "SJXMLParserToModel/SJXMLParserToModel-Info.plist";
				IPHONEOS_DEPLOYMENT_TARGET = 6.0;
				PRODUCT_NAME = "$(TARGET_NAME)";
				TARGETED_DEVICE_FAMILY = 1;
				WRAPPER_EXTENSION = app;
			};
			name = Release;
		};
		D14FA99D19C80E480028C97E /* Debug */ = {
			isa = XCBuildConfiguration;
			buildSettings = {
				BUNDLE_LOADER = "$(BUILT_PRODUCTS_DIR)/SJXMLParserToModel.app/SJXMLParserToModel";
				FRAMEWORK_SEARCH_PATHS = (
					"$(SDKROOT)/Developer/Library/Frameworks",
					"$(inherited)",
					"$(DEVELOPER_FRAMEWORKS_DIR)",
				);
				GCC_PRECOMPILE_PREFIX_HEADER = YES;
				GCC_PREFIX_HEADER = "SJXMLParserToModel/SJXMLParserToModel-Prefix.pch";
				GCC_PREPROCESSOR_DEFINITIONS = (
					"DEBUG=1",
					"$(inherited)",
				);
				INFOPLIST_FILE = "SJXMLParserToModelTests/SJXMLParserToModelTests-Info.plist";
				PRODUCT_NAME = "$(TARGET_NAME)";
				TEST_HOST = "$(BUNDLE_LOADER)";
				WRAPPER_EXTENSION = xctest;
			};
			name = Debug;
		};
		D14FA99E19C80E480028C97E /* Release */ = {
			isa = XCBuildConfiguration;
			buildSettings = {
				BUNDLE_LOADER = "$(BUILT_PRODUCTS_DIR)/SJXMLParserToModel.app/SJXMLParserToModel";
				FRAMEWORK_SEARCH_PATHS = (
					"$(SDKROOT)/Developer/Library/Frameworks",
					"$(inherited)",
					"$(DEVELOPER_FRAMEWORKS_DIR)",
				);
				GCC_PRECOMPILE_PREFIX_HEADER = YES;
				GCC_PREFIX_HEADER = "SJXMLParserToModel/SJXMLParserToModel-Prefix.pch";
				INFOPLIST_FILE = "SJXMLParserToModelTests/SJXMLParserToModelTests-Info.plist";
				PRODUCT_NAME = "$(TARGET_NAME)";
				TEST_HOST = "$(BUNDLE_LOADER)";
				WRAPPER_EXTENSION = xctest;
			};
			name = Release;
		};
/* End XCBuildConfiguration section */

/* Begin XCConfigurationList section */
		D14FA96219C80E480028C97E /* Build configuration list for PBXProject "SJXMLParserToModel" */ = {
			isa = XCConfigurationList;
			buildConfigurations = (
				D14FA99719C80E480028C97E /* Debug */,
				D14FA99819C80E480028C97E /* Release */,
			);
			defaultConfigurationIsVisible = 0;
			defaultConfigurationName = Release;
		};
		D14FA99919C80E480028C97E /* Build configuration list for PBXNativeTarget "SJXMLParserToModel" */ = {
			isa = XCConfigurationList;
			buildConfigurations = (
				D14FA99A19C80E480028C97E /* Debug */,
				D14FA99B19C80E480028C97E /* Release */,
			);
			defaultConfigurationIsVisible = 0;
			defaultConfigurationName = Release;
		};
		D14FA99C19C80E480028C97E /* Build configuration list for PBXNativeTarget "SJXMLParserToModelTests" */ = {
			isa = XCConfigurationList;
			buildConfigurations = (
				D14FA99D19C80E480028C97E /* Debug */,
				D14FA99E19C80E480028C97E /* Release */,
			);
			defaultConfigurationIsVisible = 0;
			defaultConfigurationName = Release;
		};
/* End XCConfigurationList section */
	};
	rootObject = D14FA95F19C80E480028C97E /* Project object */;
}
